
Microsoft Visual Studio Solution File, Format Version 12.00
# Visual Studio Version 16
VisualStudioVersion = 16.0.30517.126
MinimumVisualStudioVersion = 10.0.40219.1
Project("{FAE04EC0-301F-11D3-BF4B-00C04F79EFBC}") = "ModelFirst-CRUD", "ModelFirst-CRUD\ModelFirst-CRUD.csproj", "{D03DCDB4-E108-4666-955C-FBC55AE1CE03}"
EndProject
Global
	GlobalSection(SolutionConfigurationPlatforms) = preSolution
		Debug|Any CPU = Debug|Any CPU
		Release|Any CPU = Release|Any CPU
	EndGlobalSection
	GlobalSection(ProjectConfigurationPlatforms) = postSolution
		{D03DCDB4-E108-4666-955C-FBC55AE1CE03}.Debug|Any CPU.ActiveCfg = Debug|Any CPU
		{D03DCDB4-E108-4666-955C-FBC55AE1CE03}.Debug|Any CPU.Build.0 = Debug|Any CPU
		{D03DCDB4-E108-4666-955C-FBC55AE1CE03}.Release|Any CPU.ActiveCfg = Release|Any CPU
		{D03DCDB4-E108-4666-955C-FBC55AE1CE03}.Release|Any CPU.Build.0 = Release|Any CPU
	EndGlobalSection
	GlobalSection(SolutionProperties) = preSolution
		HideSolutionNode = FALSE
	EndGlobalSection
	GlobalSection(ExtensibilityGlobals) = postSolution
		SolutionGuid = {826020DF-A797-4DD1-97CE-90CE160305C3}
	EndGlobalSection
EndGlobal
